// !$*UTF8*$!
{
	archiveVersion = 1;
	classes = {
	};
	objectVersion = 46;
	objects = {

/* Begin PBXBuildFile section */
		21BDAC6F1E1D19BA00A20C42 /* AppDelegate.swift in Sources */ = {isa = PBXBuildFile; fileRef = 21BDAC6E1E1D19BA00A20C42 /* AppDelegate.swift */; };
		21BDAC711E1D19BA00A20C42 /* ViewController.swift in Sources */ = {isa = PBXBuildFile; fileRef = 21BDAC701E1D19BA00A20C42 /* ViewController.swift */; };
		21BDAC741E1D19BA00A20C42 /* Main.storyboard in Resources */ = {isa = PBXBuildFile; fileRef = 21BDAC721E1D19BA00A20C42 /* Main.storyboard */; };
		21BDAC761E1D19BA00A20C42 /* Images.xcassets in Resources */ = {isa = PBXBuildFile; fileRef = 21BDAC751E1D19BA00A20C42 /* Images.xcassets */; };
		21BDAC791E1D19BA00A20C42 /* LaunchScreen.xib in Resources */ = {isa = PBXBuildFile; fileRef = 21BDAC771E1D19BA00A20C42 /* LaunchScreen.xib */; };
		21BDAC851E1D19BA00A20C42 /* SimpleDemoTests.swift in Sources */ = {isa = PBXBuildFile; fileRef = 21BDAC841E1D19BA00A20C42 /* SimpleDemoTests.swift */; };
/* End PBXBuildFile section */

/* Begin PBXContainerItemProxy section */
		21BDAC7F1E1D19BA00A20C42 /* PBXContainerItemProxy */ = {
			isa = PBXContainerItemProxy;
			containerPortal = 21BDAC611E1D19B900A20C42 /* Project object */;
			proxyType = 1;
			remoteGlobalIDString = 21BDAC681E1D19BA00A20C42;
			remoteInfo = SimpleDemo;
		};
/* End PBXContainerItemProxy section */

/* Begin PBXFileReference section */
		21BDAC691E1D19BA00A20C42 /* SimpleDemo.app */ = {isa = PBXFileReference; explicitFileType = wrapper.application; includeInIndex = 0; path = SimpleDemo.app; sourceTree = BUILT_PRODUCTS_DIR; };
		21BDAC6D1E1D19BA00A20C42 /* Info.plist */ = {isa = PBXFileReference; lastKnownFileType = text.plist.xml; path = Info.plist; sourceTree = "<group>"; };
		21BDAC6E1E1D19BA00A20C42 /* AppDelegate.swift */ = {isa = PBXFileReference; lastKnownFileType = sourcecode.swift; path = AppDelegate.swift; sourceTree = "<group>"; };
		21BDAC701E1D19BA00A20C42 /* ViewController.swift */ = {isa = PBXFileReference; lastKnownFileType = sourcecode.swift; path = ViewController.swift; sourceTree = "<group>"; };
		21BDAC731E1D19BA00A20C42 /* Base */ = {isa = PBXFileReference; lastKnownFileType = file.storyboard; name = Base; path = Base.lproj/Main.storyboard; sourceTree = "<group>"; };
		21BDAC751E1D19BA00A20C42 /* Images.xcassets */ = {isa = PBXFileReference; lastKnownFileType = folder.assetcatalog; path = Images.xcassets; sourceTree = "<group>"; };
		21BDAC781E1D19BA00A20C42 /* Base */ = {isa = PBXFileReference; lastKnownFileType = file.xib; name = Base; path = Base.lproj/LaunchScreen.xib; sourceTree = "<group>"; };
		21BDAC7E1E1D19BA00A20C42 /* SimpleDemoTests.xctest */ = {isa = PBXFileReference; explicitFileType = wrapper.cfbundle; includeInIndex = 0; path = SimpleDemoTests.xctest; sourceTree = BUILT_PRODUCTS_DIR; };
		21BDAC831E1D19BA00A20C42 /* Info.plist */ = {isa = PBXFileReference; lastKnownFileType = text.plist.xml; path = Info.plist; sourceTree = "<group>"; };
		21BDAC841E1D19BA00A20C42 /* SimpleDemoTests.swift */ = {isa = PBXFileReference; lastKnownFileType = sourcecode.swift; path = SimpleDemoTests.swift; sourceTree = "<group>"; };
/* End PBXFileReference section */

/* Begin PBXFrameworksBuildPhase section */
		21BDAC661E1D19BA00A20C42 /* Frameworks */ = {
			isa = PBXFrameworksBuildPhase;
			buildActionMask = 2147483647;
			files = (
			);
			runOnlyForDeploymentPostprocessing = 0;
		};
		21BDAC7B1E1D19BA00A20C42 /* Frameworks */ = {
			isa = PBXFrameworksBuildPhase;
			buildActionMask = 2147483647;
			files = (
			);
			runOnlyForDeploymentPostprocessing = 0;
		};
/* End PBXFrameworksBuildPhase section */

/* Begin PBXGroup section */
		21BDAC601E1D19B900A20C42 = {
			isa = PBXGroup;
			children = (
				21BDAC6B1E1D19BA00A20C42 /* SimpleDemo */,
				21BDAC811E1D19BA00A20C42 /* SimpleDemoTests */,
				21BDAC6A1E1D19BA00A20C42 /* Products */,
			);
			sourceTree = "<group>";
		};
		21BDAC6A1E1D19BA00A20C42 /* Products */ = {
			isa = PBXGroup;
			children = (
				21BDAC691E1D19BA00A20C42 /* SimpleDemo.app */,
				21BDAC7E1E1D19BA00A20C42 /* SimpleDemoTests.xctest */,
			);
			name = Products;
			sourceTree = "<group>";
		};
		21BDAC6B1E1D19BA00A20C42 /* SimpleDemo */ = {
			isa = PBXGroup;
			children = (
				21BDAC6E1E1D19BA00A20C42 /* AppDelegate.swift */,
				21BDAC701E1D19BA00A20C42 /* ViewController.swift */,
				21BDAC721E1D19BA00A20C42 /* Main.storyboard */,
				21BDAC751E1D19BA00A20C42 /* Images.xcassets */,
				21BDAC771E1D19BA00A20C42 /* LaunchScreen.xib */,
				21BDAC6C1E1D19BA00A20C42 /* Supporting Files */,
			);
			path = SimpleDemo;
			sourceTree = "<group>";
		};
		21BDAC6C1E1D19BA00A20C42 /* Supporting Files */ = {
			isa = PBXGroup;
			children = (
				21BDAC6D1E1D19BA00A20C42 /* Info.plist */,
			);
			name = "Supporting Files";
			sourceTree = "<group>";
		};
		21BDAC811E1D19BA00A20C42 /* SimpleDemoTests */ = {
			isa = PBXGroup;
			children = (
				21BDAC841E1D19BA00A20C42 /* SimpleDemoTests.swift */,
				21BDAC821E1D19BA00A20C42 /* Supporting Files */,
			);
			path = SimpleDemoTests;
			sourceTree = "<group>";
		};
		21BDAC821E1D19BA00A20C42 /* Supporting Files */ = {
			isa = PBXGroup;
			children = (
				21BDAC831E1D19BA00A20C42 /* Info.plist */,
			);
			name = "Supporting Files";
			sourceTree = "<group>";
		};
/* End PBXGroup section */

/* Begin PBXNativeTarget section */
		21BDAC681E1D19BA00A20C42 /* SimpleDemo */ = {
			isa = PBXNativeTarget;
			buildConfigurationList = 21BDAC881E1D19BA00A20C42 /* Build configuration list for PBXNativeTarget "SimpleDemo" */;
			buildPhases = (
				21BDAC651E1D19BA00A20C42 /* Sources */,
				21BDAC661E1D19BA00A20C42 /* Frameworks */,
				21BDAC671E1D19BA00A20C42 /* Resources */,
			);
			buildRules = (
			);
			dependencies = (
			);
			name = SimpleDemo;
			productName = SimpleDemo;
			productReference = 21BDAC691E1D19BA00A20C42 /* SimpleDemo.app */;
			productType = "com.apple.product-type.application";
		};
		21BDAC7D1E1D19BA00A20C42 /* SimpleDemoTests */ = {
			isa = PBXNativeTarget;
			buildConfigurationList = 21BDAC8B1E1D19BA00A20C42 /* Build configuration list for PBXNativeTarget "SimpleDemoTests" */;
			buildPhases = (
				21BDAC7A1E1D19BA00A20C42 /* Sources */,
				21BDAC7B1E1D19BA00A20C42 /* Frameworks */,
				21BDAC7C1E1D19BA00A20C42 /* Resources */,
			);
			buildRules = (
			);
			dependencies = (
				21BDAC801E1D19BA00A20C42 /* PBXTargetDependency */,
			);
			name = SimpleDemoTests;
			productName = SimpleDemoTests;
			productReference = 21BDAC7E1E1D19BA00A20C42 /* SimpleDemoTests.xctest */;
			productType = "com.apple.product-type.bundle.unit-test";
		};
/* End PBXNativeTarget section */

/* Begin PBXProject section */
		21BDAC611E1D19B900A20C42 /* Project object */ = {
			isa = PBXProject;
			attributes = {
				LastUpgradeCheck = 0630;
				ORGANIZATIONNAME = "Anwesh Mishra";
				TargetAttributes = {
					21BDAC681E1D19BA00A20C42 = {
						CreatedOnToolsVersion = 6.3.2;
					};
					21BDAC7D1E1D19BA00A20C42 = {
						CreatedOnToolsVersion = 6.3.2;
						TestTargetID = 21BDAC681E1D19BA00A20C42;
					};
				};
			};
			buildConfigurationList = 21BDAC641E1D19B900A20C42 /* Build configuration list for PBXProject "SimpleDemo" */;
			compatibilityVersion = "Xcode 3.2";
			developmentRegion = English;
			hasScannedForEncodings = 0;
			knownRegions = (
				en,
				Base,
			);
			mainGroup = 21BDAC601E1D19B900A20C42;
			productRefGroup = 21BDAC6A1E1D19BA00A20C42 /* Products */;
			projectDirPath = "";
			projectRoot = "";
			targets = (
				21BDAC681E1D19BA00A20C42 /* SimpleDemo */,
				21BDAC7D1E1D19BA00A20C42 /* SimpleDemoTests */,
			);
		};
/* End PBXProject section */

/* Begin PBXResourcesBuildPhase section */
		21BDAC671E1D19BA00A20C42 /* Resources */ = {
			isa = PBXResourcesBuildPhase;
			buildActionMask = 2147483647;
			files = (
				21BDAC741E1D19BA00A20C42 /* Main.storyboard in Resources */,
				21BDAC791E1D19BA00A20C42 /* LaunchScreen.xib in Resources */,
				21BDAC761E1D19BA00A20C42 /* Images.xcassets in Resources */,
			);
			runOnlyForDeploymentPostprocessing = 0;
		};
		21BDAC7C1E1D19BA00A20C42 /* Resources */ = {
			isa = PBXResourcesBuildPhase;
			buildActionMask = 2147483647;
			files = (
			);
			runOnlyForDeploymentPostprocessing = 0;
		};
/* End PBXResourcesBuildPhase section */

/* Begin PBXSourcesBuildPhase section */
		21BDAC651E1D19BA00A20C42 /* Sources */ = {
			isa = PBXSourcesBuildPhase;
			buildActionMask = 2147483647;
			files = (
				21BDAC711E1D19BA00A20C42 /* ViewController.swift in Sources */,
				21BDAC6F1E1D19BA00A20C42 /* AppDelegate.swift in Sources */,
			);
			runOnlyForDeploymentPostprocessing = 0;
		};
		21BDAC7A1E1D19BA00A20C42 /* Sources */ = {
			isa = PBXSourcesBuildPhase;
			buildActionMask = 2147483647;
			files = (
				21BDAC851E1D19BA00A20C42 /* SimpleDemoTests.swift in Sources */,
			);
			runOnlyForDeploymentPostprocessing = 0;
		};
/* End PBXSourcesBuildPhase section */

/* Begin PBXTargetDependency section */
		21BDAC801E1D19BA00A20C42 /* PBXTargetDependency */ = {
			isa = PBXTargetDependency;
			target = 21BDAC681E1D19BA00A20C42 /* SimpleDemo */;
			targetProxy = 21BDAC7F1E1D19BA00A20C42 /* PBXContainerItemProxy */;
		};
/* End PBXTargetDependency section */

/* Begin PBXVariantGroup section */
		21BDAC721E1D19BA00A20C42 /* Main.storyboard */ = {
			isa = PBXVariantGroup;
			children = (
				21BDAC731E1D19BA00A20C42 /* Base */,
			);
			name = Main.storyboard;
			sourceTree = "<group>";
		};
		21BDAC771E1D19BA00A20C42 /* LaunchScreen.xib */ = {
			isa = PBXVariantGroup;
			children = (
				21BDAC781E1D19BA00A20C42 /* Base */,
			);
			name = LaunchScreen.xib;
			sourceTree = "<group>";
		};
/* End PBXVariantGroup section */

/* Begin XCBuildConfiguration section */
		21BDAC861E1D19BA00A20C42 /* Debug */ = {
			isa = XCBuildConfiguration;
			buildSettings = {
				ALWAYS_SEARCH_USER_PATHS = NO;
				CLANG_CXX_LANGUAGE_STANDARD = "gnu++0x";
				CLANG_CXX_LIBRARY = "libc++";
				CLANG_ENABLE_MODULES = YES;
				CLANG_ENABLE_OBJC_ARC = YES;
				CLANG_WARN_BOOL_CONVERSION = YES;
				CLANG_WARN_CONSTANT_CONVERSION = YES;
				CLANG_WARN_DIRECT_OBJC_ISA_USAGE = YES_ERROR;
				CLANG_WARN_EMPTY_BODY = YES;
				CLANG_WARN_ENUM_CONVERSION = YES;
				CLANG_WARN_INT_CONVERSION = YES;
				CLANG_WARN_OBJC_ROOT_CLASS = YES_ERROR;
				CLANG_WARN_UNREACHABLE_CODE = YES;
				CLANG_WARN__DUPLICATE_METHOD_MATCH = YES;
				"CODE_SIGN_IDENTITY[sdk=iphoneos*]" = "iPhone Developer";
				COPY_PHASE_STRIP = NO;
				DEBUG_INFORMATION_FORMAT = "dwarf-with-dsym";
				ENABLE_STRICT_OBJC_MSGSEND = YES;
				GCC_C_LANGUAGE_STANDARD = gnu99;
				GCC_DYNAMIC_NO_PIC = NO;
				GCC_NO_COMMON_BLOCKS = YES;
				GCC_OPTIMIZATION_LEVEL = 0;
				GCC_PREPROCESSOR_DEFINITIONS = (
					"DEBUG=1",
					"$(inherited)",
				);
				GCC_SYMBOLS_PRIVATE_EXTERN = NO;
				GCC_WARN_64_TO_32_BIT_CONVERSION = YES;
				GCC_WARN_ABOUT_RETURN_TYPE = YES_ERROR;
				GCC_WARN_UNDECLARED_SELECTOR = YES;
				GCC_WARN_UNINITIALIZED_AUTOS = YES_AGGRESSIVE;
				GCC_WARN_UNUSED_FUNCTION = YES;
				GCC_WARN_UNUSED_VARIABLE = YES;
				IPHONEOS_DEPLOYMENT_TARGET = 8.3;
				MTL_ENABLE_DEBUG_INFO = YES;
				ONLY_ACTIVE_ARCH = YES;
				SDKROOT = iphoneos;
				SWIFT_OPTIMIZATION_LEVEL = "-Onone";
				TARGETED_DEVICE_FAMILY = "1,2";
			};
			name = Debug;
		};
		21BDAC871E1D19BA00A20C42 /* Release */ = {
			isa = XCBuildConfiguration;
			buildSettings = {
				ALWAYS_SEARCH_USER_PATHS = NO;
				CLANG_CXX_LANGUAGE_STANDARD = "gnu++0x";
				CLANG_CXX_LIBRARY = "libc++";
				CLANG_ENABLE_MODULES = YES;
				CLANG_ENABLE_OBJC_ARC = YES;
				CLANG_WARN_BOOL_CONVERSION = YES;
				CLANG_WARN_CONSTANT_CONVERSION = YES;
				CLANG_WARN_DIRECT_OBJC_ISA_USAGE = YES_ERROR;
				CLANG_WARN_EMPTY_BODY = YES;
				CLANG_WARN_ENUM_CONVERSION = YES;
				CLANG_WARN_INT_CONVERSION = YES;
				CLANG_WARN_OBJC_ROOT_CLASS = YES_ERROR;
				CLANG_WARN_UNREACHABLE_CODE = YES;
				CLANG_WARN__DUPLICATE_METHOD_MATCH = YES;
				"CODE_SIGN_IDENTITY[sdk=iphoneos*]" = "iPhone Developer";
				COPY_PHASE_STRIP = NO;
				DEBUG_INFORMATION_FORMAT = "dwarf-with-dsym";
				ENABLE_NS_ASSERTIONS = NO;
				ENABLE_STRICT_OBJC_MSGSEND = YES;
				GCC_C_LANGUAGE_STANDARD = gnu99;
				GCC_NO_COMMON_BLOCKS = YES;
				GCC_WARN_64_TO_32_BIT_CONVERSION = YES;
				GCC_WARN_ABOUT_RETURN_TYPE = YES_ERROR;
				GCC_WARN_UNDECLARED_SELECTOR = YES;
				GCC_WARN_UNINITIALIZED_AUTOS = YES_AGGRESSIVE;
				GCC_WARN_UNUSED_FUNCTION = YES;
				GCC_WARN_UNUSED_VARIABLE = YES;
				IPHONEOS_DEPLOYMENT_TARGET = 8.3;
				MTL_ENABLE_DEBUG_INFO = NO;
				SDKROOT = iphoneos;
				TARGETED_DEVICE_FAMILY = "1,2";
				VALIDATE_PRODUCT = YES;
			};
			name = Release;
		};
		21BDAC891E1D19BA00A20C42 /* Debug */ = {
			isa = XCBuildConfiguration;
			buildSettings = {
				ASSETCATALOG_COMPILER_APPICON_NAME = AppIcon;
				INFOPLIST_FILE = SimpleDemo/Info.plist;
				LD_RUNPATH_SEARCH_PATHS = "$(inherited) @executable_path/Frameworks";
				PRODUCT_NAME = "$(TARGET_NAME)";
			};
			name = Debug;
		};
		21BDAC8A1E1D19BA00A20C42 /* Release */ = {
			isa = XCBuildConfiguration;
			buildSettings = {
				ASSETCATALOG_COMPILER_APPICON_NAME = AppIcon;
				INFOPLIST_FILE = SimpleDemo/Info.plist;
				LD_RUNPATH_SEARCH_PATHS = "$(inherited) @executable_path/Frameworks";
				PRODUCT_NAME = "$(TARGET_NAME)";
			};
			name = Release;
		};
		21BDAC8C1E1D19BA00A20C42 /* Debug */ = {
			isa = XCBuildConfiguration;
			buildSettings = {
				BUNDLE_LOADER = "$(TEST_HOST)";
				FRAMEWORK_SEARCH_PATHS = (
					"$(SDKROOT)/Developer/Library/Frameworks",
					"$(inherited)",
				);
				GCC_PREPROCESSOR_DEFINITIONS = (
					"DEBUG=1",
					"$(inherited)",
				);
				INFOPLIST_FILE = SimpleDemoTests/Info.plist;
				LD_RUNPATH_SEARCH_PATHS = "$(inherited) @executable_path/Frameworks @loader_path/Frameworks";
				PRODUCT_NAME = "$(TARGET_NAME)";
				TEST_HOST = "$(BUILT_PRODUCTS_DIR)/SimpleDemo.app/SimpleDemo";
			};
			name = Debug;
		};
		21BDAC8D1E1D19BA00A20C42 /* Release */ = {
			isa = XCBuildConfiguration;
			buildSettings = {
				BUNDLE_LOADER = "$(TEST_HOST)";
				FRAMEWORK_SEARCH_PATHS = (
					"$(SDKROOT)/Developer/Library/Frameworks",
					"$(inherited)",
				);
				INFOPLIST_FILE = SimpleDemoTests/Info.plist;
				LD_RUNPATH_SEARCH_PATHS = "$(inherited) @executable_path/Frameworks @loader_path/Frameworks";
				PRODUCT_NAME = "$(TARGET_NAME)";
				TEST_HOST = "$(BUILT_PRODUCTS_DIR)/SimpleDemo.app/SimpleDemo";
			};
			name = Release;
		};
/* End XCBuildConfiguration section */

/* Begin XCConfigurationList section */
		21BDAC641E1D19B900A20C42 /* Build configuration list for PBXProject "SimpleDemo" */ = {
			isa = XCConfigurationList;
			buildConfigurations = (
				21BDAC861E1D19BA00A20C42 /* Debug */,
				21BDAC871E1D19BA00A20C42 /* Release */,
			);
			defaultConfigurationIsVisible = 0;
			defaultConfigurationName = Release;
		};
		21BDAC881E1D19BA00A20C42 /* Build configuration list for PBXNativeTarget "SimpleDemo" */ = {
			isa = XCConfigurationList;
			buildConfigurations = (
				21BDAC891E1D19BA00A20C42 /* Debug */,
				21BDAC8A1E1D19BA00A20C42 /* Release */,
			);
			defaultConfigurationIsVisible = 0;
		};
		21BDAC8B1E1D19BA00A20C42 /* Build configuration list for PBXNativeTarget "SimpleDemoTests" */ = {
			isa = XCConfigurationList;
			buildConfigurations = (
				21BDAC8C1E1D19BA00A20C42 /* Debug */,
				21BDAC8D1E1D19BA00A20C42 /* Release */,
			);
			defaultConfigurationIsVisible = 0;
		};
/* End XCConfigurationList section */
	};
	rootObject = 21BDAC611E1D19B900A20C42 /* Project object */;
}
